
Microsoft Visual Studio Solution File, Format Version 12.00
# Visual Studio Version 17
VisualStudioVersion = 17.9.34607.119
MinimumVisualStudioVersion = 10.0.40219.1
Project("{FAE04EC0-301F-11D3-BF4B-00C04F79EFBC}") = "MinimalCatalogApi", "MinimalCatalogApi\MinimalCatalogApi.csproj", "{2BD5B459-571E-442C-8C27-E3F54DC30B88}"
EndProject
Global
	GlobalSection(SolutionConfigurationPlatforms) = preSolution
		Debug|Any CPU = Debug|Any CPU
		Release|Any CPU = Release|Any CPU
	EndGlobalSection
	GlobalSection(ProjectConfigurationPlatforms) = postSolution
		{2BD5B459-571E-442C-8C27-E3F54DC30B88}.Debug|Any CPU.ActiveCfg = Debug|Any CPU
		{2BD5B459-571E-442C-8C27-E3F54DC30B88}.Debug|Any CPU.Build.0 = Debug|Any CPU
		{2BD5B459-571E-442C-8C27-E3F54DC30B88}.Release|Any CPU.ActiveCfg = Release|Any CPU
		{2BD5B459-571E-442C-8C27-E3F54DC30B88}.Release|Any CPU.Build.0 = Release|Any CPU
	EndGlobalSection
	GlobalSection(SolutionProperties) = preSolution
		HideSolutionNode = FALSE
	EndGlobalSection
	GlobalSection(ExtensibilityGlobals) = postSolution
		SolutionGuid = {4BC44032-21C7-496B-8BB5-49877F73B2B4}
	EndGlobalSection
EndGlobal
